
Microsoft Visual Studio Solution File, Format Version 12.00
# Visual Studio 15
VisualStudioVersion = 15.0.27703.2047
MinimumVisualStudioVersion = 10.0.40219.1
Project("{FAE04EC0-301F-11D3-BF4B-00C04F79EFBC}") = "Sqlite", "Sqlite\Sqlite.csproj", "{8C7AA804-FD12-4754-BBE6-67B50D045D15}"
EndProject
Global
	GlobalSection(SolutionConfigurationPlatforms) = preSolution
		Debug|Any CPU = Debug|Any CPU
		Release|Any CPU = Release|Any CPU
	EndGlobalSection
	GlobalSection(ProjectConfigurationPlatforms) = postSolution
		{8C7AA804-FD12-4754-BBE6-67B50D045D15}.Debug|Any CPU.ActiveCfg = Debug|Any CPU
		{8C7AA804-FD12-4754-BBE6-67B50D045D15}.Debug|Any CPU.Build.0 = Debug|Any CPU
		{8C7AA804-FD12-4754-BBE6-67B50D045D15}.Release|Any CPU.ActiveCfg = Release|Any CPU
		{8C7AA804-FD12-4754-BBE6-67B50D045D15}.Release|Any CPU.Build.0 = Release|Any CPU
	EndGlobalSection
	GlobalSection(SolutionProperties) = preSolution
		HideSolutionNode = FALSE
	EndGlobalSection
	GlobalSection(ExtensibilityGlobals) = postSolution
		SolutionGuid = {7EE646AD-0DF8-47D8-B681-15EE327D43AF}
	EndGlobalSection
EndGlobal
